{
  "name": "sql",
  "lockfileVersion": 3,
  "requires": true,
  "packages": {
    "": {
      "dependencies": {
        "prettier": "^3.0.3",
        "prettier-plugin-sql-cst": "^0.8.3"
      }
    },
    "node_modules/prettier": {
      "version": "3.0.3",
      "resolved": "https://registry.npmjs.org/prettier/-/prettier-3.0.3.tgz",
      "integrity": "sha512-L/4pUDMxcNa8R/EthV08Zt42WBO4h1rarVtK0K+QJG0X187OLo7l699jWw0GKuwzkPQ//jMFA/8Xm6Fh3J/DAg==",
      "bin": {
        "prettier": "bin/prettier.cjs"
      },
      "engines": {
        "node": ">=14"
      },
      "funding": {
        "url": "https://github.com/prettier/prettier?sponsor=1"
      }
    },
    "node_modules/prettier-plugin-sql-cst": {
      "version": "0.8.3",
      "resolved": "https://registry.npmjs.org/prettier-plugin-sql-cst/-/prettier-plugin-sql-cst-0.8.3.tgz",
      "integrity": "sha512-kOJeybkHwZ50fZi60mMW8lRRPEFnxhygflcQ7PUCdhjv+TwkW4cjxe/2hNHZa09SLHwYYrNLP90mGubvkVTZkw==",
      "dependencies": {
        "prettier": "^2.8.2",
        "sql-parser-cst": "^0.17.1"
      }
    },
    "node_modules/prettier-plugin-sql-cst/node_modules/prettier": {
      "version": "2.8.8",
      "resolved": "https://registry.npmjs.org/prettier/-/prettier-2.8.8.tgz",
      "integrity": "sha512-tdN8qQGvNjw4CHbY+XXk0JgCXn9QiF21a55rBe5LJAU+kDyC4WQn4+awm2Xfk2lQMk5fKup9XgzTZtGkjBdP9Q==",
      "bin": {
        "prettier": "bin-prettier.js"
      },
      "engines": {
        "node": ">=10.13.0"
      },
      "funding": {
        "url": "https://github.com/prettier/prettier?sponsor=1"
      }
    },
    "node_modules/sql-parser-cst": {
      "version": "0.17.1",
      "resolved": "https://registry.npmjs.org/sql-parser-cst/-/sql-parser-cst-0.17.1.tgz",
      "integrity": "sha512-h+sysEIkBLUDaHx95H/Vn7kQC1w3ib6lwOFrdBUseh1ZSSqR9tZbcicSRDqkChWN7TLhwzC2pVq0acXK3/pAyQ=="
    }
  }
}
